// !$*UTF8*$!
{
	archiveVersion = 1;
	classes = {
	};
	objectVersion = 50;
	objects = {

/* Begin PBXBuildFile section */
		6228844F208E2C2700E01FFA /* AppDelegate.swift in Sources */ = {isa = PBXBuildFile; fileRef = 6228844E208E2C2700E01FFA /* AppDelegate.swift */; };
		62288451208E2C2700E01FFA /* ViewController.swift in Sources */ = {isa = PBXBuildFile; fileRef = 62288450208E2C2700E01FFA /* ViewController.swift */; };
		62288454208E2C2700E01FFA /* Main.storyboard in Resources */ = {isa = PBXBuildFile; fileRef = 62288452208E2C2700E01FFA /* Main.storyboard */; };
		62288456208E2C2700E01FFA /* Assets.xcassets in Resources */ = {isa = PBXBuildFile; fileRef = 62288455208E2C2700E01FFA /* Assets.xcassets */; };
		62288459208E2C2700E01FFA /* LaunchScreen.storyboard in Resources */ = {isa = PBXBuildFile; fileRef = 62288457208E2C2700E01FFA /* LaunchScreen.storyboard */; };
		62288464208E2C2700E01FFA /* ThurstyTests.swift in Sources */ = {isa = PBXBuildFile; fileRef = 62288463208E2C2700E01FFA /* ThurstyTests.swift */; };
		6228846F208E2C2700E01FFA /* ThurstyUITests.swift in Sources */ = {isa = PBXBuildFile; fileRef = 6228846E208E2C2700E01FFA /* ThurstyUITests.swift */; };
/* End PBXBuildFile section */

/* Begin PBXContainerItemProxy section */
		62288460208E2C2700E01FFA /* PBXContainerItemProxy */ = {
			isa = PBXContainerItemProxy;
			containerPortal = 62288443208E2C2700E01FFA /* Project object */;
			proxyType = 1;
			remoteGlobalIDString = 6228844A208E2C2700E01FFA;
			remoteInfo = Thursty;
		};
		6228846B208E2C2700E01FFA /* PBXContainerItemProxy */ = {
			isa = PBXContainerItemProxy;
			containerPortal = 62288443208E2C2700E01FFA /* Project object */;
			proxyType = 1;
			remoteGlobalIDString = 6228844A208E2C2700E01FFA;
			remoteInfo = Thursty;
		};
/* End PBXContainerItemProxy section */

/* Begin PBXFileReference section */
		6228844B208E2C2700E01FFA /* Thursty.app */ = {isa = PBXFileReference; explicitFileType = wrapper.application; includeInIndex = 0; path = Thursty.app; sourceTree = BUILT_PRODUCTS_DIR; };
		6228844E208E2C2700E01FFA /* AppDelegate.swift */ = {isa = PBXFileReference; lastKnownFileType = sourcecode.swift; path = AppDelegate.swift; sourceTree = "<group>"; };
		62288450208E2C2700E01FFA /* ViewController.swift */ = {isa = PBXFileReference; lastKnownFileType = sourcecode.swift; path = ViewController.swift; sourceTree = "<group>"; };
		62288453208E2C2700E01FFA /* Base */ = {isa = PBXFileReference; lastKnownFileType = file.storyboard; name = Base; path = Base.lproj/Main.storyboard; sourceTree = "<group>"; };
		62288455208E2C2700E01FFA /* Assets.xcassets */ = {isa = PBXFileReference; lastKnownFileType = folder.assetcatalog; path = Assets.xcassets; sourceTree = "<group>"; };
		62288458208E2C2700E01FFA /* Base */ = {isa = PBXFileReference; lastKnownFileType = file.storyboard; name = Base; path = Base.lproj/LaunchScreen.storyboard; sourceTree = "<group>"; };
		6228845A208E2C2700E01FFA /* Info.plist */ = {isa = PBXFileReference; lastKnownFileType = text.plist.xml; path = Info.plist; sourceTree = "<group>"; };
		6228845F208E2C2700E01FFA /* ThurstyTests.xctest */ = {isa = PBXFileReference; explicitFileType = wrapper.cfbundle; includeInIndex = 0; path = ThurstyTests.xctest; sourceTree = BUILT_PRODUCTS_DIR; };
		62288463208E2C2700E01FFA /* ThurstyTests.swift */ = {isa = PBXFileReference; lastKnownFileType = sourcecode.swift; path = ThurstyTests.swift; sourceTree = "<group>"; };
		62288465208E2C2700E01FFA /* Info.plist */ = {isa = PBXFileReference; lastKnownFileType = text.plist.xml; path = Info.plist; sourceTree = "<group>"; };
		6228846A208E2C2700E01FFA /* ThurstyUITests.xctest */ = {isa = PBXFileReference; explicitFileType = wrapper.cfbundle; includeInIndex = 0; path = ThurstyUITests.xctest; sourceTree = BUILT_PRODUCTS_DIR; };
		6228846E208E2C2700E01FFA /* ThurstyUITests.swift */ = {isa = PBXFileReference; lastKnownFileType = sourcecode.swift; path = ThurstyUITests.swift; sourceTree = "<group>"; };
		62288470208E2C2800E01FFA /* Info.plist */ = {isa = PBXFileReference; lastKnownFileType = text.plist.xml; path = Info.plist; sourceTree = "<group>"; };
/* End PBXFileReference section */

/* Begin PBXFrameworksBuildPhase section */
		62288448208E2C2700E01FFA /* Frameworks */ = {
			isa = PBXFrameworksBuildPhase;
			buildActionMask = 2147483647;
			files = (
			);
			runOnlyForDeploymentPostprocessing = 0;
		};
		6228845C208E2C2700E01FFA /* Frameworks */ = {
			isa = PBXFrameworksBuildPhase;
			buildActionMask = 2147483647;
			files = (
			);
			runOnlyForDeploymentPostprocessing = 0;
		};
		62288467208E2C2700E01FFA /* Frameworks */ = {
			isa = PBXFrameworksBuildPhase;
			buildActionMask = 2147483647;
			files = (
			);
			runOnlyForDeploymentPostprocessing = 0;
		};
/* End PBXFrameworksBuildPhase section */

/* Begin PBXGroup section */
		62288442208E2C2700E01FFA = {
			isa = PBXGroup;
			children = (
				6228844D208E2C2700E01FFA /* Thursty */,
				62288462208E2C2700E01FFA /* ThurstyTests */,
				6228846D208E2C2700E01FFA /* ThurstyUITests */,
				6228844C208E2C2700E01FFA /* Products */,
			);
			sourceTree = "<group>";
		};
		6228844C208E2C2700E01FFA /* Products */ = {
			isa = PBXGroup;
			children = (
				6228844B208E2C2700E01FFA /* Thursty.app */,
				6228845F208E2C2700E01FFA /* ThurstyTests.xctest */,
				6228846A208E2C2700E01FFA /* ThurstyUITests.xctest */,
			);
			name = Products;
			sourceTree = "<group>";
		};
		6228844D208E2C2700E01FFA /* Thursty */ = {
			isa = PBXGroup;
			children = (
				6228844E208E2C2700E01FFA /* AppDelegate.swift */,
				62288450208E2C2700E01FFA /* ViewController.swift */,
				62288452208E2C2700E01FFA /* Main.storyboard */,
				62288455208E2C2700E01FFA /* Assets.xcassets */,
				62288457208E2C2700E01FFA /* LaunchScreen.storyboard */,
				6228845A208E2C2700E01FFA /* Info.plist */,
			);
			path = Thursty;
			sourceTree = "<group>";
		};
		62288462208E2C2700E01FFA /* ThurstyTests */ = {
			isa = PBXGroup;
			children = (
				62288463208E2C2700E01FFA /* ThurstyTests.swift */,
				62288465208E2C2700E01FFA /* Info.plist */,
			);
			path = ThurstyTests;
			sourceTree = "<group>";
		};
		6228846D208E2C2700E01FFA /* ThurstyUITests */ = {
			isa = PBXGroup;
			children = (
				6228846E208E2C2700E01FFA /* ThurstyUITests.swift */,
				62288470208E2C2800E01FFA /* Info.plist */,
			);
			path = ThurstyUITests;
			sourceTree = "<group>";
		};
/* End PBXGroup section */

/* Begin PBXNativeTarget section */
		6228844A208E2C2700E01FFA /* Thursty */ = {
			isa = PBXNativeTarget;
			buildConfigurationList = 62288473208E2C2800E01FFA /* Build configuration list for PBXNativeTarget "Thursty" */;
			buildPhases = (
				62288447208E2C2700E01FFA /* Sources */,
				62288448208E2C2700E01FFA /* Frameworks */,
				62288449208E2C2700E01FFA /* Resources */,
			);
			buildRules = (
			);
			dependencies = (
			);
			name = Thursty;
			productName = Thursty;
			productReference = 6228844B208E2C2700E01FFA /* Thursty.app */;
			productType = "com.apple.product-type.application";
		};
		6228845E208E2C2700E01FFA /* ThurstyTests */ = {
			isa = PBXNativeTarget;
			buildConfigurationList = 62288476208E2C2800E01FFA /* Build configuration list for PBXNativeTarget "ThurstyTests" */;
			buildPhases = (
				6228845B208E2C2700E01FFA /* Sources */,
				6228845C208E2C2700E01FFA /* Frameworks */,
				6228845D208E2C2700E01FFA /* Resources */,
			);
			buildRules = (
			);
			dependencies = (
				62288461208E2C2700E01FFA /* PBXTargetDependency */,
			);
			name = ThurstyTests;
			productName = ThurstyTests;
			productReference = 6228845F208E2C2700E01FFA /* ThurstyTests.xctest */;
			productType = "com.apple.product-type.bundle.unit-test";
		};
		62288469208E2C2700E01FFA /* ThurstyUITests */ = {
			isa = PBXNativeTarget;
			buildConfigurationList = 62288479208E2C2800E01FFA /* Build configuration list for PBXNativeTarget "ThurstyUITests" */;
			buildPhases = (
				62288466208E2C2700E01FFA /* Sources */,
				62288467208E2C2700E01FFA /* Frameworks */,
				62288468208E2C2700E01FFA /* Resources */,
			);
			buildRules = (
			);
			dependencies = (
				6228846C208E2C2700E01FFA /* PBXTargetDependency */,
			);
			name = ThurstyUITests;
			productName = ThurstyUITests;
			productReference = 6228846A208E2C2700E01FFA /* ThurstyUITests.xctest */;
			productType = "com.apple.product-type.bundle.ui-testing";
		};
/* End PBXNativeTarget section */

/* Begin PBXProject section */
		62288443208E2C2700E01FFA /* Project object */ = {
			isa = PBXProject;
			attributes = {
				LastSwiftUpdateCheck = 0930;
				LastUpgradeCheck = 0930;
				ORGANIZATIONNAME = eskibros;
				TargetAttributes = {
					6228844A208E2C2700E01FFA = {
						CreatedOnToolsVersion = 9.3;
					};
					6228845E208E2C2700E01FFA = {
						CreatedOnToolsVersion = 9.3;
						TestTargetID = 6228844A208E2C2700E01FFA;
					};
					62288469208E2C2700E01FFA = {
						CreatedOnToolsVersion = 9.3;
						TestTargetID = 6228844A208E2C2700E01FFA;
					};
				};
			};
			buildConfigurationList = 62288446208E2C2700E01FFA /* Build configuration list for PBXProject "Thursty" */;
			compatibilityVersion = "Xcode 9.3";
			developmentRegion = en;
			hasScannedForEncodings = 0;
			knownRegions = (
				en,
				Base,
			);
			mainGroup = 62288442208E2C2700E01FFA;
			productRefGroup = 6228844C208E2C2700E01FFA /* Products */;
			projectDirPath = "";
			projectRoot = "";
			targets = (
				6228844A208E2C2700E01FFA /* Thursty */,
				6228845E208E2C2700E01FFA /* ThurstyTests */,
				62288469208E2C2700E01FFA /* ThurstyUITests */,
			);
		};
/* End PBXProject section */

/* Begin PBXResourcesBuildPhase section */
		62288449208E2C2700E01FFA /* Resources */ = {
			isa = PBXResourcesBuildPhase;
			buildActionMask = 2147483647;
			files = (
				62288459208E2C2700E01FFA /* LaunchScreen.storyboard in Resources */,
				62288456208E2C2700E01FFA /* Assets.xcassets in Resources */,
				62288454208E2C2700E01FFA /* Main.storyboard in Resources */,
			);
			runOnlyForDeploymentPostprocessing = 0;
		};
		6228845D208E2C2700E01FFA /* Resources */ = {
			isa = PBXResourcesBuildPhase;
			buildActionMask = 2147483647;
			files = (
			);
			runOnlyForDeploymentPostprocessing = 0;
		};
		62288468208E2C2700E01FFA /* Resources */ = {
			isa = PBXResourcesBuildPhase;
			buildActionMask = 2147483647;
			files = (
			);
			runOnlyForDeploymentPostprocessing = 0;
		};
/* End PBXResourcesBuildPhase section */

/* Begin PBXSourcesBuildPhase section */
		62288447208E2C2700E01FFA /* Sources */ = {
			isa = PBXSourcesBuildPhase;
			buildActionMask = 2147483647;
			files = (
				62288451208E2C2700E01FFA /* ViewController.swift in Sources */,
				6228844F208E2C2700E01FFA /* AppDelegate.swift in Sources */,
			);
			runOnlyForDeploymentPostprocessing = 0;
		};
		6228845B208E2C2700E01FFA /* Sources */ = {
			isa = PBXSourcesBuildPhase;
			buildActionMask = 2147483647;
			files = (
				62288464208E2C2700E01FFA /* ThurstyTests.swift in Sources */,
			);
			runOnlyForDeploymentPostprocessing = 0;
		};
		62288466208E2C2700E01FFA /* Sources */ = {
			isa = PBXSourcesBuildPhase;
			buildActionMask = 2147483647;
			files = (
				6228846F208E2C2700E01FFA /* ThurstyUITests.swift in Sources */,
			);
			runOnlyForDeploymentPostprocessing = 0;
		};
/* End PBXSourcesBuildPhase section */

/* Begin PBXTargetDependency section */
		62288461208E2C2700E01FFA /* PBXTargetDependency */ = {
			isa = PBXTargetDependency;
			target = 6228844A208E2C2700E01FFA /* Thursty */;
			targetProxy = 62288460208E2C2700E01FFA /* PBXContainerItemProxy */;
		};
		6228846C208E2C2700E01FFA /* PBXTargetDependency */ = {
			isa = PBXTargetDependency;
			target = 6228844A208E2C2700E01FFA /* Thursty */;
			targetProxy = 6228846B208E2C2700E01FFA /* PBXContainerItemProxy */;
		};
/* End PBXTargetDependency section */

/* Begin PBXVariantGroup section */
		62288452208E2C2700E01FFA /* Main.storyboard */ = {
			isa = PBXVariantGroup;
			children = (
				62288453208E2C2700E01FFA /* Base */,
			);
			name = Main.storyboard;
			sourceTree = "<group>";
		};
		62288457208E2C2700E01FFA /* LaunchScreen.storyboard */ = {
			isa = PBXVariantGroup;
			children = (
				62288458208E2C2700E01FFA /* Base */,
			);
			name = LaunchScreen.storyboard;
			sourceTree = "<group>";
		};
/* End PBXVariantGroup section */

/* Begin XCBuildConfiguration section */
		62288471208E2C2800E01FFA /* Debug */ = {
			isa = XCBuildConfiguration;
			buildSettings = {
				ALWAYS_SEARCH_USER_PATHS = NO;
				CLANG_ANALYZER_NONNULL = YES;
				CLANG_ANALYZER_NUMBER_OBJECT_CONVERSION = YES_AGGRESSIVE;
				CLANG_CXX_LANGUAGE_STANDARD = "gnu++14";
				CLANG_CXX_LIBRARY = "libc++";
				CLANG_ENABLE_MODULES = YES;
				CLANG_ENABLE_OBJC_ARC = YES;
				CLANG_ENABLE_OBJC_WEAK = YES;
				CLANG_WARN_BLOCK_CAPTURE_AUTORELEASING = YES;
				CLANG_WARN_BOOL_CONVERSION = YES;
				CLANG_WARN_COMMA = YES;
				CLANG_WARN_CONSTANT_CONVERSION = YES;
				CLANG_WARN_DEPRECATED_OBJC_IMPLEMENTATIONS = YES;
				CLANG_WARN_DIRECT_OBJC_ISA_USAGE = YES_ERROR;
				CLANG_WARN_DOCUMENTATION_COMMENTS = YES;
				CLANG_WARN_EMPTY_BODY = YES;
				CLANG_WARN_ENUM_CONVERSION = YES;
				CLANG_WARN_INFINITE_RECURSION = YES;
				CLANG_WARN_INT_CONVERSION = YES;
				CLANG_WARN_NON_LITERAL_NULL_CONVERSION = YES;
				CLANG_WARN_OBJC_IMPLICIT_RETAIN_SELF = YES;
				CLANG_WARN_OBJC_LITERAL_CONVERSION = YES;
				CLANG_WARN_OBJC_ROOT_CLASS = YES_ERROR;
				CLANG_WARN_RANGE_LOOP_ANALYSIS = YES;
				CLANG_WARN_STRICT_PROTOTYPES = YES;
				CLANG_WARN_SUSPICIOUS_MOVE = YES;
				CLANG_WARN_UNGUARDED_AVAILABILITY = YES_AGGRESSIVE;
				CLANG_WARN_UNREACHABLE_CODE = YES;
				CLANG_WARN__DUPLICATE_METHOD_MATCH = YES;
				CODE_SIGN_IDENTITY = "iPhone Developer";
				COPY_PHASE_STRIP = NO;
				DEBUG_INFORMATION_FORMAT = dwarf;
				ENABLE_STRICT_OBJC_MSGSEND = YES;
				ENABLE_TESTABILITY = YES;
				GCC_C_LANGUAGE_STANDARD = gnu11;
				GCC_DYNAMIC_NO_PIC = NO;
				GCC_NO_COMMON_BLOCKS = YES;
				GCC_OPTIMIZATION_LEVEL = 0;
				GCC_PREPROCESSOR_DEFINITIONS = (
					"DEBUG=1",
					"$(inherited)",
				);
				GCC_WARN_64_TO_32_BIT_CONVERSION = YES;
				GCC_WARN_ABOUT_RETURN_TYPE = YES_ERROR;
				GCC_WARN_UNDECLARED_SELECTOR = YES;
				GCC_WARN_UNINITIALIZED_AUTOS = YES_AGGRESSIVE;
				GCC_WARN_UNUSED_FUNCTION = YES;
				GCC_WARN_UNUSED_VARIABLE = YES;
				IPHONEOS_DEPLOYMENT_TARGET = 11.3;
				MTL_ENABLE_DEBUG_INFO = YES;
				ONLY_ACTIVE_ARCH = YES;
				SDKROOT = iphoneos;
				SWIFT_ACTIVE_COMPILATION_CONDITIONS = DEBUG;
				SWIFT_OPTIMIZATION_LEVEL = "-Onone";
			};
			name = Debug;
		};
		62288472208E2C2800E01FFA /* Release */ = {
			isa = XCBuildConfiguration;
			buildSettings = {
				ALWAYS_SEARCH_USER_PATHS = NO;
				CLANG_ANALYZER_NONNULL = YES;
				CLANG_ANALYZER_NUMBER_OBJECT_CONVERSION = YES_AGGRESSIVE;
				CLANG_CXX_LANGUAGE_STANDARD = "gnu++14";
				CLANG_CXX_LIBRARY = "libc++";
				CLANG_ENABLE_MODULES = YES;
				CLANG_ENABLE_OBJC_ARC = YES;
				CLANG_ENABLE_OBJC_WEAK = YES;
				CLANG_WARN_BLOCK_CAPTURE_AUTORELEASING = YES;
				CLANG_WARN_BOOL_CONVERSION = YES;
				CLANG_WARN_COMMA = YES;
				CLANG_WARN_CONSTANT_CONVERSION = YES;
				CLANG_WARN_DEPRECATED_OBJC_IMPLEMENTATIONS = YES;
				CLANG_WARN_DIRECT_OBJC_ISA_USAGE = YES_ERROR;
				CLANG_WARN_DOCUMENTATION_COMMENTS = YES;
				CLANG_WARN_EMPTY_BODY = YES;
				CLANG_WARN_ENUM_CONVERSION = YES;
				CLANG_WARN_INFINITE_RECURSION = YES;
				CLANG_WARN_INT_CONVERSION = YES;
				CLANG_WARN_NON_LITERAL_NULL_CONVERSION = YES;
				CLANG_WARN_OBJC_IMPLICIT_RETAIN_SELF = YES;
				CLANG_WARN_OBJC_LITERAL_CONVERSION = YES;
				CLANG_WARN_OBJC_ROOT_CLASS = YES_ERROR;
				CLANG_WARN_RANGE_LOOP_ANALYSIS = YES;
				CLANG_WARN_STRICT_PROTOTYPES = YES;
				CLANG_WARN_SUSPICIOUS_MOVE = YES;
				CLANG_WARN_UNGUARDED_AVAILABILITY = YES_AGGRESSIVE;
				CLANG_WARN_UNREACHABLE_CODE = YES;
				CLANG_WARN__DUPLICATE_METHOD_MATCH = YES;
				CODE_SIGN_IDENTITY = "iPhone Developer";
				COPY_PHASE_STRIP = NO;
				DEBUG_INFORMATION_FORMAT = "dwarf-with-dsym";
				ENABLE_NS_ASSERTIONS = NO;
				ENABLE_STRICT_OBJC_MSGSEND = YES;
				GCC_C_LANGUAGE_STANDARD = gnu11;
				GCC_NO_COMMON_BLOCKS = YES;
				GCC_WARN_64_TO_32_BIT_CONVERSION = YES;
				GCC_WARN_ABOUT_RETURN_TYPE = YES_ERROR;
				GCC_WARN_UNDECLARED_SELECTOR = YES;
				GCC_WARN_UNINITIALIZED_AUTOS = YES_AGGRESSIVE;
				GCC_WARN_UNUSED_FUNCTION = YES;
				GCC_WARN_UNUSED_VARIABLE = YES;
				IPHONEOS_DEPLOYMENT_TARGET = 11.3;
				MTL_ENABLE_DEBUG_INFO = NO;
				SDKROOT = iphoneos;
				SWIFT_COMPILATION_MODE = wholemodule;
				SWIFT_OPTIMIZATION_LEVEL = "-O";
				VALIDATE_PRODUCT = YES;
			};
			name = Release;
		};
		62288474208E2C2800E01FFA /* Debug */ = {
			isa = XCBuildConfiguration;
			buildSettings = {
				ASSETCATALOG_COMPILER_APPICON_NAME = AppIcon;
				CODE_SIGN_STYLE = Automatic;
				DEVELOPMENT_TEAM = 5U7DL3N2X9;
				INFOPLIST_FILE = Thursty/Info.plist;
				LD_RUNPATH_SEARCH_PATHS = (
					"$(inherited)",
					"@executable_path/Frameworks",
				);
				PRODUCT_BUNDLE_IDENTIFIER = eskis.Thursty;
				PRODUCT_NAME = "$(TARGET_NAME)";
				SWIFT_VERSION = 4.0;
				TARGETED_DEVICE_FAMILY = "1,2";
			};
			name = Debug;
		};
		62288475208E2C2800E01FFA /* Release */ = {
			isa = XCBuildConfiguration;
			buildSettings = {
				ASSETCATALOG_COMPILER_APPICON_NAME = AppIcon;
				CODE_SIGN_STYLE = Automatic;
				DEVELOPMENT_TEAM = 5U7DL3N2X9;
				INFOPLIST_FILE = Thursty/Info.plist;
				LD_RUNPATH_SEARCH_PATHS = (
					"$(inherited)",
					"@executable_path/Frameworks",
				);
				PRODUCT_BUNDLE_IDENTIFIER = eskis.Thursty;
				PRODUCT_NAME = "$(TARGET_NAME)";
				SWIFT_VERSION = 4.0;
				TARGETED_DEVICE_FAMILY = "1,2";
			};
			name = Release;
		};
		62288477208E2C2800E01FFA /* Debug */ = {
			isa = XCBuildConfiguration;
			buildSettings = {
				ALWAYS_EMBED_SWIFT_STANDARD_LIBRARIES = YES;
				BUNDLE_LOADER = "$(TEST_HOST)";
				CODE_SIGN_STYLE = Automatic;
				DEVELOPMENT_TEAM = 5U7DL3N2X9;
				INFOPLIST_FILE = ThurstyTests/Info.plist;
				LD_RUNPATH_SEARCH_PATHS = (
					"$(inherited)",
					"@executable_path/Frameworks",
					"@loader_path/Frameworks",
				);
				PRODUCT_BUNDLE_IDENTIFIER = eskis.ThurstyTests;
				PRODUCT_NAME = "$(TARGET_NAME)";
				SWIFT_VERSION = 4.0;
				TARGETED_DEVICE_FAMILY = "1,2";
				TEST_HOST = "$(BUILT_PRODUCTS_DIR)/Thursty.app/Thursty";
			};
			name = Debug;
		};
		62288478208E2C2800E01FFA /* Release */ = {
			isa = XCBuildConfiguration;
			buildSettings = {
				ALWAYS_EMBED_SWIFT_STANDARD_LIBRARIES = YES;
				BUNDLE_LOADER = "$(TEST_HOST)";
				CODE_SIGN_STYLE = Automatic;
				DEVELOPMENT_TEAM = 5U7DL3N2X9;
				INFOPLIST_FILE = ThurstyTests/Info.plist;
				LD_RUNPATH_SEARCH_PATHS = (
					"$(inherited)",
					"@executable_path/Frameworks",
					"@loader_path/Frameworks",
				);
				PRODUCT_BUNDLE_IDENTIFIER = eskis.ThurstyTests;
				PRODUCT_NAME = "$(TARGET_NAME)";
				SWIFT_VERSION = 4.0;
				TARGETED_DEVICE_FAMILY = "1,2";
				TEST_HOST = "$(BUILT_PRODUCTS_DIR)/Thursty.app/Thursty";
			};
			name = Release;
		};
		6228847A208E2C2800E01FFA /* Debug */ = {
			isa = XCBuildConfiguration;
			buildSettings = {
				ALWAYS_EMBED_SWIFT_STANDARD_LIBRARIES = YES;
				CODE_SIGN_STYLE = Automatic;
				DEVELOPMENT_TEAM = 5U7DL3N2X9;
				INFOPLIST_FILE = ThurstyUITests/Info.plist;
				LD_RUNPATH_SEARCH_PATHS = (
					"$(inherited)",
					"@executable_path/Frameworks",
					"@loader_path/Frameworks",
				);
				PRODUCT_BUNDLE_IDENTIFIER = eskis.ThurstyUITests;
				PRODUCT_NAME = "$(TARGET_NAME)";
				SWIFT_VERSION = 4.0;
				TARGETED_DEVICE_FAMILY = "1,2";
				TEST_TARGET_NAME = Thursty;
			};
			name = Debug;
		};
		6228847B208E2C2800E01FFA /* Release */ = {
			isa = XCBuildConfiguration;
			buildSettings = {
				ALWAYS_EMBED_SWIFT_STANDARD_LIBRARIES = YES;
				CODE_SIGN_STYLE = Automatic;
				DEVELOPMENT_TEAM = 5U7DL3N2X9;
				INFOPLIST_FILE = ThurstyUITests/Info.plist;
				LD_RUNPATH_SEARCH_PATHS = (
					"$(inherited)",
					"@executable_path/Frameworks",
					"@loader_path/Frameworks",
				);
				PRODUCT_BUNDLE_IDENTIFIER = eskis.ThurstyUITests;
				PRODUCT_NAME = "$(TARGET_NAME)";
				SWIFT_VERSION = 4.0;
				TARGETED_DEVICE_FAMILY = "1,2";
				TEST_TARGET_NAME = Thursty;
			};
			name = Release;
		};
/* End XCBuildConfiguration section */

/* Begin XCConfigurationList section */
		62288446208E2C2700E01FFA /* Build configuration list for PBXProject "Thursty" */ = {
			isa = XCConfigurationList;
			buildConfigurations = (
				62288471208E2C2800E01FFA /* Debug */,
				62288472208E2C2800E01FFA /* Release */,
			);
			defaultConfigurationIsVisible = 0;
			defaultConfigurationName = Release;
		};
		62288473208E2C2800E01FFA /* Build configuration list for PBXNativeTarget "Thursty" */ = {
			isa = XCConfigurationList;
			buildConfigurations = (
				62288474208E2C2800E01FFA /* Debug */,
				62288475208E2C2800E01FFA /* Release */,
			);
			defaultConfigurationIsVisible = 0;
			defaultConfigurationName = Release;
		};
		62288476208E2C2800E01FFA /* Build configuration list for PBXNativeTarget "ThurstyTests" */ = {
			isa = XCConfigurationList;
			buildConfigurations = (
				62288477208E2C2800E01FFA /* Debug */,
				62288478208E2C2800E01FFA /* Release */,
			);
			defaultConfigurationIsVisible = 0;
			defaultConfigurationName = Release;
		};
		62288479208E2C2800E01FFA /* Build configuration list for PBXNativeTarget "ThurstyUITests" */ = {
			isa = XCConfigurationList;
			buildConfigurations = (
				6228847A208E2C2800E01FFA /* Debug */,
				6228847B208E2C2800E01FFA /* Release */,
			);
			defaultConfigurationIsVisible = 0;
			defaultConfigurationName = Release;
		};
/* End XCConfigurationList section */
	};
	rootObject = 62288443208E2C2700E01FFA /* Project object */;
}
